PODS:
  - Alamofire (4.7.3)
  - IDMCore (2.7.2)
  - IDMFoundation/Alamofire (1.10.0):
    - Alamofire
    - IDMCore
    - IDMFoundation/RequestParameter
    - SiFUtilities
  - IDMFoundation/Core (1.10.0):
    - IDMCore
    - SiFUtilities
  - IDMFoundation/MBProgressHUD (1.10.0):
    - IDMCore
    - MBProgressHUD
    - SiFUtilities
  - IDMFoundation/ObjectMapper (1.10.0):
    - IDMCore
    - IDMFoundation/Core
    - ObjectMapper
  - IDMFoundation/RequestParameter (1.10.0):
    - IDMCore
    - IDMFoundation/Core
    - SiFUtilities
    - "UIImage+FixOrientation"
  - IDMFoundation/ViewState (1.10.0):
    - ViewStateCore
  - Localize-Swift (2.0.0)
  - MBProgressHUD (1.1.0)
  - ObjectMapper (3.4.1)
  - SDWebImage (4.4.2):
    - SDWebImage/Core (= 4.4.2)
  - SDWebImage/Core (4.4.2)
  - SiFUtilities (4.0.10):
    - SiFUtilities/Default (= 4.0.10)
  - SiFUtilities/Core (4.0.10)
  - SiFUtilities/Default (4.0.10):
    - SiFUtilities/Core
    - SiFUtilities/Endpoint
    - SiFUtilities/Helpers
    - SiFUtilities/IBDesignable
    - SiFUtilities/KeyValue
    - SiFUtilities/Loading
    - SiFUtilities/Localize
    - SiFUtilities/Nib
    - SiFUtilities/Runtime
    - SiFUtilities/Show
    - SiFUtilities/WeakObject
  - SiFUtilities/Endpoint (4.0.10)
  - SiFUtilities/Helpers (4.0.10)
  - SiFUtilities/IBDesignable (4.0.10):
    - SiFUtilities/Core
  - SiFUtilities/KeyValue (4.0.10)
  - SiFUtilities/Loading (4.0.10)
  - SiFUtilities/Localize (4.0.10):
    - Localize-Swift
  - SiFUtilities/Nib (4.0.10):
    - SiFUtilities/Core
  - SiFUtilities/Runtime (4.0.10)
  - SiFUtilities/Show (4.0.10):
    - SiFUtilities/Core
    - SiFUtilities/Localize
  - SiFUtilities/WeakObject (4.0.10)
  - "UIImage+FixOrientation (1.0.0)"
  - ViewStateCore (1.0.1)

DEPENDENCIES:
  - IDMFoundation/Alamofire
  - IDMFoundation/Core
  - IDMFoundation/MBProgressHUD
  - IDMFoundation/ObjectMapper
  - IDMFoundation/RequestParameter
  - IDMFoundation/ViewState
  - SDWebImage

SPEC REPOS:
  https://github.com/cocoapods/specs.git:
    - Alamofire
    - IDMCore
    - IDMFoundation
    - Localize-Swift
    - MBProgressHUD
    - ObjectMapper
    - SDWebImage
    - SiFUtilities
    - "UIImage+FixOrientation"
    - ViewStateCore

SPEC CHECKSUMS:
  Alamofire: c7287b6e5d7da964a70935e5db17046b7fde6568
  IDMCore: 255aeb9fb781e5e3999f611e99f774de3bde37eb
  IDMFoundation: 1452c9abfcd64e7bf1baf733338345893f16a1de
  Localize-Swift: c798ec9286494866f7068f85f7c71283ac5bdab4
  MBProgressHUD: e7baa36a220447d8aeb12769bf0585582f3866d9
  ObjectMapper: 5311bd50ca732930959e7ca1a2de43ab823a5ced
  SDWebImage: 624d6e296c69b244bcede364c72ae0430ac14681
  SiFUtilities: c72760f5150def958606558383376d66f327e088
  "UIImage+FixOrientation": 6889ce14a2761462c22d6f92d26685db79a0c9b2
  ViewStateCore: faa016ec98d4d80b87136228c89e97a63c4d4f07

PODFILE CHECKSUM: cc5b8221dc2efa348a02085a13ae1208790e6408

COCOAPODS: 1.6.0.beta.2
